
Microsoft Visual Studio Solution File, Format Version 12.00
# Visual Studio Version 16
VisualStudioVersion = 16.0.29728.190
MinimumVisualStudioVersion = 10.0.40219.1
Project("{FAE04EC0-301F-11D3-BF4B-00C04F79EFBC}") = "TODOList", "TODOList.csproj", "{7A19CA89-7A63-495E-842F-4C3E71A4D772}"
EndProject
Global
	GlobalSection(SolutionConfigurationPlatforms) = preSolution
		Debug|Any CPU = Debug|Any CPU
		Release|Any CPU = Release|Any CPU
	EndGlobalSection
	GlobalSection(ProjectConfigurationPlatforms) = postSolution
		{7A19CA89-7A63-495E-842F-4C3E71A4D772}.Debug|Any CPU.ActiveCfg = Debug|Any CPU
		{7A19CA89-7A63-495E-842F-4C3E71A4D772}.Debug|Any CPU.Build.0 = Debug|Any CPU
		{7A19CA89-7A63-495E-842F-4C3E71A4D772}.Release|Any CPU.ActiveCfg = Release|Any CPU
		{7A19CA89-7A63-495E-842F-4C3E71A4D772}.Release|Any CPU.Build.0 = Release|Any CPU
	EndGlobalSection
	GlobalSection(SolutionProperties) = preSolution
		HideSolutionNode = FALSE
	EndGlobalSection
	GlobalSection(ExtensibilityGlobals) = postSolution
		SolutionGuid = {CFF48EAF-8382-47BF-8DCA-6E1428221F38}
	EndGlobalSection
EndGlobal
